
Microsoft Visual Studio Solution File, Format Version 12.00
# Visual Studio Version 17
VisualStudioVersion = 17.13.35913.81 d17.13
MinimumVisualStudioVersion = 10.0.40219.1
Project("{FAE04EC0-301F-11D3-BF4B-00C04F79EFBC}") = "PingApp", "PingApp\PingApp.csproj", "{BC33FE7C-1C7A-4181-A3F2-24769C096808}"
EndProject
Global
	GlobalSection(SolutionConfigurationPlatforms) = preSolution
		Debug|Any CPU = Debug|Any CPU
		Release|Any CPU = Release|Any CPU
	EndGlobalSection
	GlobalSection(ProjectConfigurationPlatforms) = postSolution
		{BC33FE7C-1C7A-4181-A3F2-24769C096808}.Debug|Any CPU.ActiveCfg = Debug|Any CPU
		{BC33FE7C-1C7A-4181-A3F2-24769C096808}.Debug|Any CPU.Build.0 = Debug|Any CPU
		{BC33FE7C-1C7A-4181-A3F2-24769C096808}.Release|Any CPU.ActiveCfg = Release|Any CPU
		{BC33FE7C-1C7A-4181-A3F2-24769C096808}.Release|Any CPU.Build.0 = Release|Any CPU
	EndGlobalSection
	GlobalSection(SolutionProperties) = preSolution
		HideSolutionNode = FALSE
	EndGlobalSection
	GlobalSection(ExtensibilityGlobals) = postSolution
		SolutionGuid = {BEF227E3-7FBE-4223-9BCE-3308A9503542}
	EndGlobalSection
EndGlobal
